PODS:
  - Alamofire (5.5.0)
  - FittedSheets (2.4.2)
  - FSCalendar (2.8.2)
  - SnapKit (5.0.1)

DEPENDENCIES:
  - Alamofire
  - FittedSheets
  - FSCalendar
  - SnapKit

SPEC REPOS:
  trunk:
    - Alamofire
    - FittedSheets
    - FSCalendar
    - SnapKit

SPEC CHECKSUMS:
  Alamofire: 1c4fb5369c3fe93d2857c780d8bbe09f06f97e7c
  FittedSheets: 661408776eb4ff514a31da75b3600bd7222b2b3d
  FSCalendar: e6a2eb9c571bf0719ed797ef807e08426753c241
  SnapKit: 97b92857e3df3a0c71833cce143274bf6ef8e5eb

PODFILE CHECKSUM: 761ef83e8d6fea830185fa2a782709bc0c6f6198

COCOAPODS: 1.11.2
