// !$*UTF8*$!
{
	archiveVersion = 1;
	classes = {
	};
	objectVersion = 55;
	objects = {

/* Begin PBXBuildFile section */
		7C30CFDD2815B7EE006F592A /* NoteViewController.swift in Sources */ = {isa = PBXBuildFile; fileRef = 7C30CFDC2815B7EE006F592A /* NoteViewController.swift */; };
		7C30CFDF2815EA99006F592A /* EditableGreenView.swift in Sources */ = {isa = PBXBuildFile; fileRef = 7C30CFDE2815EA99006F592A /* EditableGreenView.swift */; };
		7C30CFE12815F2B9006F592A /* TagView.swift in Sources */ = {isa = PBXBuildFile; fileRef = 7C30CFE02815F2B9006F592A /* TagView.swift */; };
		7C30CFE32815FE2D006F592A /* CollectionViewCell.swift in Sources */ = {isa = PBXBuildFile; fileRef = 7C30CFE22815FE2D006F592A /* CollectionViewCell.swift */; };
		7C32E4632810511A00FAA811 /* AddReminderController.swift in Sources */ = {isa = PBXBuildFile; fileRef = 7C32E4622810511A00FAA811 /* AddReminderController.swift */; };
		7C32E4652814AA1200FAA811 /* Roboto.ttf in Resources */ = {isa = PBXBuildFile; fileRef = 7C32E4642814AA1200FAA811 /* Roboto.ttf */; };
		7C391C6727FF93160041AD83 /* Repository.swift in Sources */ = {isa = PBXBuildFile; fileRef = 7C391C6627FF93160041AD83 /* Repository.swift */; };
		7C391C6927FF955E0041AD83 /* AdviceService.swift in Sources */ = {isa = PBXBuildFile; fileRef = 7C391C6827FF955E0041AD83 /* AdviceService.swift */; };
		7C391C6E280077270041AD83 /* DayPresenter.swift in Sources */ = {isa = PBXBuildFile; fileRef = 7C391C6D280077270041AD83 /* DayPresenter.swift */; };
		7C47DD1027F39E0A0087F5D7 /* TagEntity+CoreDataClass.swift in Sources */ = {isa = PBXBuildFile; fileRef = 7C47DD0A27F39E0A0087F5D7 /* TagEntity+CoreDataClass.swift */; };
		7C47DD1127F39E0A0087F5D7 /* TagEntity+CoreDataProperties.swift in Sources */ = {isa = PBXBuildFile; fileRef = 7C47DD0B27F39E0A0087F5D7 /* TagEntity+CoreDataProperties.swift */; };
		7C47DD1227F39E0A0087F5D7 /* PlantEntity+CoreDataClass.swift in Sources */ = {isa = PBXBuildFile; fileRef = 7C47DD0C27F39E0A0087F5D7 /* PlantEntity+CoreDataClass.swift */; };
		7C47DD1327F39E0A0087F5D7 /* PlantEntity+CoreDataProperties.swift in Sources */ = {isa = PBXBuildFile; fileRef = 7C47DD0D27F39E0A0087F5D7 /* PlantEntity+CoreDataProperties.swift */; };
		7C47DD1427F39E0A0087F5D7 /* NoteEntity+CoreDataClass.swift in Sources */ = {isa = PBXBuildFile; fileRef = 7C47DD0E27F39E0A0087F5D7 /* NoteEntity+CoreDataClass.swift */; };
		7C47DD1527F39E0A0087F5D7 /* NoteEntity+CoreDataProperties.swift in Sources */ = {isa = PBXBuildFile; fileRef = 7C47DD0F27F39E0A0087F5D7 /* NoteEntity+CoreDataProperties.swift */; };
		7C47DD1B27F3ABC00087F5D7 /* ReminderEntity+CoreDataClass.swift in Sources */ = {isa = PBXBuildFile; fileRef = 7C47DD1927F3ABC00087F5D7 /* ReminderEntity+CoreDataClass.swift */; };
		7C47DD1C27F3ABC00087F5D7 /* ReminderEntity+CoreDataProperties.swift in Sources */ = {isa = PBXBuildFile; fileRef = 7C47DD1A27F3ABC00087F5D7 /* ReminderEntity+CoreDataProperties.swift */; };
		7C47DD2227F448840087F5D7 /* NotesService.swift in Sources */ = {isa = PBXBuildFile; fileRef = 7C47DD2127F448840087F5D7 /* NotesService.swift */; };
		7C47DD2527F449240087F5D7 /* ReminderStruct.swift in Sources */ = {isa = PBXBuildFile; fileRef = 7C47DD2427F449240087F5D7 /* ReminderStruct.swift */; };
		7C47DD2727F4493F0087F5D7 /* TagStruct.swift in Sources */ = {isa = PBXBuildFile; fileRef = 7C47DD2627F4493F0087F5D7 /* TagStruct.swift */; };
		7C47DD2927F4494F0087F5D7 /* PlantStruct.swift in Sources */ = {isa = PBXBuildFile; fileRef = 7C47DD2827F4494F0087F5D7 /* PlantStruct.swift */; };
		7C47DD2B27F4495A0087F5D7 /* NoteStruct.swift in Sources */ = {isa = PBXBuildFile; fileRef = 7C47DD2A27F4495A0087F5D7 /* NoteStruct.swift */; };
		7C4F4EBA2804C41600547B95 /* AddReminderView.swift in Sources */ = {isa = PBXBuildFile; fileRef = 7C4F4EB92804C41600547B95 /* AddReminderView.swift */; };
		7C5B1A0F2814C45F000C9999 /* PreviousDayViewController.swift in Sources */ = {isa = PBXBuildFile; fileRef = 7C5B1A0E2814C45F000C9999 /* PreviousDayViewController.swift */; };
		7C5B1A112814C534000C9999 /* PreviousDayPresenter.swift in Sources */ = {isa = PBXBuildFile; fileRef = 7C5B1A102814C534000C9999 /* PreviousDayPresenter.swift */; };
		7CB2305527F74D1300528A48 /* DayViewController.swift in Sources */ = {isa = PBXBuildFile; fileRef = 7CB2305427F74D1300528A48 /* DayViewController.swift */; };
		7CB2306127F7728800528A48 /* Roboto-Bold.ttf in Resources */ = {isa = PBXBuildFile; fileRef = 7CB2306027F7728800528A48 /* Roboto-Bold.ttf */; };
		7CB2306327F7A21B00528A48 /* RobotoFlex.ttf in Resources */ = {isa = PBXBuildFile; fileRef = 7CB2306227F7A21B00528A48 /* RobotoFlex.ttf */; };
		7CB2306827FA343400528A48 /* Constraints.swift in Sources */ = {isa = PBXBuildFile; fileRef = 7CB2306727FA343400528A48 /* Constraints.swift */; };
		7CB2306A27FB60E500528A48 /* AddNoteView.swift in Sources */ = {isa = PBXBuildFile; fileRef = 7CB2306927FB60E500528A48 /* AddNoteView.swift */; };
		7CC212E727CBED0800DCF978 /* AppDelegate.swift in Sources */ = {isa = PBXBuildFile; fileRef = 7CC212E627CBED0800DCF978 /* AppDelegate.swift */; };
		7CC212E927CBED0800DCF978 /* SceneDelegate.swift in Sources */ = {isa = PBXBuildFile; fileRef = 7CC212E827CBED0800DCF978 /* SceneDelegate.swift */; };
		7CC212EB27CBED0800DCF978 /* ViewController.swift in Sources */ = {isa = PBXBuildFile; fileRef = 7CC212EA27CBED0800DCF978 /* ViewController.swift */; };
		7CC212F127CBED0800DCF978 /* Garden_App.xcdatamodeld in Sources */ = {isa = PBXBuildFile; fileRef = 7CC212EF27CBED0800DCF978 /* Garden_App.xcdatamodeld */; };
		7CC212F327CBED0900DCF978 /* Assets.xcassets in Resources */ = {isa = PBXBuildFile; fileRef = 7CC212F227CBED0900DCF978 /* Assets.xcassets */; };
		7CC212F627CBED0900DCF978 /* LaunchScreen.storyboard in Resources */ = {isa = PBXBuildFile; fileRef = 7CC212F427CBED0900DCF978 /* LaunchScreen.storyboard */; };
		C70D60602809DC0800D90071 /* CalendarTableViewCell.swift in Sources */ = {isa = PBXBuildFile; fileRef = C70D605F2809DC0800D90071 /* CalendarTableViewCell.swift */; };
		C70D608C281629A200D90071 /* CalendarPaginationService.swift in Sources */ = {isa = PBXBuildFile; fileRef = C70D608B281629A200D90071 /* CalendarPaginationService.swift */; };
		C7D0B4512827010C00AA4AE3 /* MyGardenViewController.swift in Sources */ = {isa = PBXBuildFile; fileRef = C7D0B4502827010C00AA4AE3 /* MyGardenViewController.swift */; };
		C7D0B455282BC6AD00AA4AE3 /* MyNotesViewController.swift in Sources */ = {isa = PBXBuildFile; fileRef = C7D0B454282BC6AD00AA4AE3 /* MyNotesViewController.swift */; };
		C7D0B457282BCA0300AA4AE3 /* MyNotesTableViewCell.swift in Sources */ = {isa = PBXBuildFile; fileRef = C7D0B456282BCA0300AA4AE3 /* MyNotesTableViewCell.swift */; };
		C7DF4115281685FD00193C5C /* Fonts.swift in Sources */ = {isa = PBXBuildFile; fileRef = C7DF4114281685FD00193C5C /* Fonts.swift */; };
		C7DF41172816864600193C5C /* GreenView.swift in Sources */ = {isa = PBXBuildFile; fileRef = C7DF41162816864600193C5C /* GreenView.swift */; };
		C7DF41192816877E00193C5C /* Colors.swift in Sources */ = {isa = PBXBuildFile; fileRef = C7DF41182816877E00193C5C /* Colors.swift */; };
		C7DF411D281692C100193C5C /* MyGardenTableViewCell.swift in Sources */ = {isa = PBXBuildFile; fileRef = C7DF411C281692C100193C5C /* MyGardenTableViewCell.swift */; };
		C7E866CC27F869E300F9784C /* CalendarViewController.swift in Sources */ = {isa = PBXBuildFile; fileRef = C7E866CB27F869E300F9784C /* CalendarViewController.swift */; };
		E88E40D2CFD1B8FDD585909A /* Pods_Garden_App.framework in Frameworks */ = {isa = PBXBuildFile; fileRef = 6286231C81B228318D732A7D /* Pods_Garden_App.framework */; };
/* End PBXBuildFile section */

/* Begin PBXFileReference section */
		36929F991DE5833188C6318E /* Pods-Garden_App.release.xcconfig */ = {isa = PBXFileReference; includeInIndex = 1; lastKnownFileType = text.xcconfig; name = "Pods-Garden_App.release.xcconfig"; path = "Target Support Files/Pods-Garden_App/Pods-Garden_App.release.xcconfig"; sourceTree = "<group>"; };
		6286231C81B228318D732A7D /* Pods_Garden_App.framework */ = {isa = PBXFileReference; explicitFileType = wrapper.framework; includeInIndex = 0; path = Pods_Garden_App.framework; sourceTree = BUILT_PRODUCTS_DIR; };
		7C30CFDC2815B7EE006F592A /* NoteViewController.swift */ = {isa = PBXFileReference; lastKnownFileType = sourcecode.swift; path = NoteViewController.swift; sourceTree = "<group>"; };
		7C30CFDE2815EA99006F592A /* EditableGreenView.swift */ = {isa = PBXFileReference; lastKnownFileType = sourcecode.swift; path = EditableGreenView.swift; sourceTree = "<group>"; };
		7C30CFE02815F2B9006F592A /* TagView.swift */ = {isa = PBXFileReference; lastKnownFileType = sourcecode.swift; path = TagView.swift; sourceTree = "<group>"; };
		7C30CFE22815FE2D006F592A /* CollectionViewCell.swift */ = {isa = PBXFileReference; lastKnownFileType = sourcecode.swift; path = CollectionViewCell.swift; sourceTree = "<group>"; };
		7C32E4622810511A00FAA811 /* AddReminderController.swift */ = {isa = PBXFileReference; lastKnownFileType = sourcecode.swift; path = AddReminderController.swift; sourceTree = "<group>"; };
		7C32E4642814AA1200FAA811 /* Roboto.ttf */ = {isa = PBXFileReference; lastKnownFileType = file; path = Roboto.ttf; sourceTree = "<group>"; };
		7C391C6627FF93160041AD83 /* Repository.swift */ = {isa = PBXFileReference; lastKnownFileType = sourcecode.swift; path = Repository.swift; sourceTree = "<group>"; };
		7C391C6827FF955E0041AD83 /* AdviceService.swift */ = {isa = PBXFileReference; lastKnownFileType = sourcecode.swift; path = AdviceService.swift; sourceTree = "<group>"; };
		7C391C6D280077270041AD83 /* DayPresenter.swift */ = {isa = PBXFileReference; lastKnownFileType = sourcecode.swift; path = DayPresenter.swift; sourceTree = "<group>"; };
		7C47DD0A27F39E0A0087F5D7 /* TagEntity+CoreDataClass.swift */ = {isa = PBXFileReference; lastKnownFileType = sourcecode.swift; path = "TagEntity+CoreDataClass.swift"; sourceTree = "<group>"; };
		7C47DD0B27F39E0A0087F5D7 /* TagEntity+CoreDataProperties.swift */ = {isa = PBXFileReference; lastKnownFileType = sourcecode.swift; path = "TagEntity+CoreDataProperties.swift"; sourceTree = "<group>"; };
		7C47DD0C27F39E0A0087F5D7 /* PlantEntity+CoreDataClass.swift */ = {isa = PBXFileReference; lastKnownFileType = sourcecode.swift; path = "PlantEntity+CoreDataClass.swift"; sourceTree = "<group>"; };
		7C47DD0D27F39E0A0087F5D7 /* PlantEntity+CoreDataProperties.swift */ = {isa = PBXFileReference; lastKnownFileType = sourcecode.swift; path = "PlantEntity+CoreDataProperties.swift"; sourceTree = "<group>"; };
		7C47DD0E27F39E0A0087F5D7 /* NoteEntity+CoreDataClass.swift */ = {isa = PBXFileReference; lastKnownFileType = sourcecode.swift; path = "NoteEntity+CoreDataClass.swift"; sourceTree = "<group>"; };
		7C47DD0F27F39E0A0087F5D7 /* NoteEntity+CoreDataProperties.swift */ = {isa = PBXFileReference; lastKnownFileType = sourcecode.swift; path = "NoteEntity+CoreDataProperties.swift"; sourceTree = "<group>"; };
		7C47DD1927F3ABC00087F5D7 /* ReminderEntity+CoreDataClass.swift */ = {isa = PBXFileReference; lastKnownFileType = sourcecode.swift; path = "ReminderEntity+CoreDataClass.swift"; sourceTree = "<group>"; };
		7C47DD1A27F3ABC00087F5D7 /* ReminderEntity+CoreDataProperties.swift */ = {isa = PBXFileReference; lastKnownFileType = sourcecode.swift; path = "ReminderEntity+CoreDataProperties.swift"; sourceTree = "<group>"; };
		7C47DD2127F448840087F5D7 /* NotesService.swift */ = {isa = PBXFileReference; lastKnownFileType = sourcecode.swift; path = NotesService.swift; sourceTree = "<group>"; };
		7C47DD2427F449240087F5D7 /* ReminderStruct.swift */ = {isa = PBXFileReference; lastKnownFileType = sourcecode.swift; path = ReminderStruct.swift; sourceTree = "<group>"; };
		7C47DD2627F4493F0087F5D7 /* TagStruct.swift */ = {isa = PBXFileReference; lastKnownFileType = sourcecode.swift; path = TagStruct.swift; sourceTree = "<group>"; };
		7C47DD2827F4494F0087F5D7 /* PlantStruct.swift */ = {isa = PBXFileReference; lastKnownFileType = sourcecode.swift; path = PlantStruct.swift; sourceTree = "<group>"; };
		7C47DD2A27F4495A0087F5D7 /* NoteStruct.swift */ = {isa = PBXFileReference; lastKnownFileType = sourcecode.swift; path = NoteStruct.swift; sourceTree = "<group>"; };
		7C4F4EB92804C41600547B95 /* AddReminderView.swift */ = {isa = PBXFileReference; lastKnownFileType = sourcecode.swift; path = AddReminderView.swift; sourceTree = "<group>"; };
		7C5B1A0E2814C45F000C9999 /* PreviousDayViewController.swift */ = {isa = PBXFileReference; lastKnownFileType = sourcecode.swift; path = PreviousDayViewController.swift; sourceTree = "<group>"; };
		7C5B1A102814C534000C9999 /* PreviousDayPresenter.swift */ = {isa = PBXFileReference; lastKnownFileType = sourcecode.swift; path = PreviousDayPresenter.swift; sourceTree = "<group>"; };
		7CB2305427F74D1300528A48 /* DayViewController.swift */ = {isa = PBXFileReference; lastKnownFileType = sourcecode.swift; path = DayViewController.swift; sourceTree = "<group>"; };
		7CB2306027F7728800528A48 /* Roboto-Bold.ttf */ = {isa = PBXFileReference; lastKnownFileType = file; path = "Roboto-Bold.ttf"; sourceTree = "<group>"; };
		7CB2306227F7A21B00528A48 /* RobotoFlex.ttf */ = {isa = PBXFileReference; lastKnownFileType = file; path = RobotoFlex.ttf; sourceTree = "<group>"; };
		7CB2306727FA343400528A48 /* Constraints.swift */ = {isa = PBXFileReference; lastKnownFileType = sourcecode.swift; path = Constraints.swift; sourceTree = "<group>"; };
		7CB2306927FB60E500528A48 /* AddNoteView.swift */ = {isa = PBXFileReference; lastKnownFileType = sourcecode.swift; path = AddNoteView.swift; sourceTree = "<group>"; };
		7CC212E327CBED0800DCF978 /* Garden_App.app */ = {isa = PBXFileReference; explicitFileType = wrapper.application; includeInIndex = 0; path = Garden_App.app; sourceTree = BUILT_PRODUCTS_DIR; };
		7CC212E627CBED0800DCF978 /* AppDelegate.swift */ = {isa = PBXFileReference; lastKnownFileType = sourcecode.swift; path = AppDelegate.swift; sourceTree = "<group>"; };
		7CC212E827CBED0800DCF978 /* SceneDelegate.swift */ = {isa = PBXFileReference; lastKnownFileType = sourcecode.swift; path = SceneDelegate.swift; sourceTree = "<group>"; };
		7CC212EA27CBED0800DCF978 /* ViewController.swift */ = {isa = PBXFileReference; lastKnownFileType = sourcecode.swift; path = ViewController.swift; sourceTree = "<group>"; };
		7CC212F027CBED0800DCF978 /* Garden_App.xcdatamodel */ = {isa = PBXFileReference; lastKnownFileType = wrapper.xcdatamodel; path = Garden_App.xcdatamodel; sourceTree = "<group>"; };
		7CC212F227CBED0900DCF978 /* Assets.xcassets */ = {isa = PBXFileReference; lastKnownFileType = folder.assetcatalog; path = Assets.xcassets; sourceTree = "<group>"; };
		7CC212F527CBED0900DCF978 /* Base */ = {isa = PBXFileReference; lastKnownFileType = file.storyboard; name = Base; path = Base.lproj/LaunchScreen.storyboard; sourceTree = "<group>"; };
		7CC212F727CBED0900DCF978 /* Info.plist */ = {isa = PBXFileReference; lastKnownFileType = text.plist.xml; path = Info.plist; sourceTree = "<group>"; };
		B649471A75255ACE9C7D68D8 /* Pods-Garden_App.debug.xcconfig */ = {isa = PBXFileReference; includeInIndex = 1; lastKnownFileType = text.xcconfig; name = "Pods-Garden_App.debug.xcconfig"; path = "Target Support Files/Pods-Garden_App/Pods-Garden_App.debug.xcconfig"; sourceTree = "<group>"; };
		C70D605F2809DC0800D90071 /* CalendarTableViewCell.swift */ = {isa = PBXFileReference; lastKnownFileType = sourcecode.swift; path = CalendarTableViewCell.swift; sourceTree = "<group>"; };
		C70D608B281629A200D90071 /* CalendarPaginationService.swift */ = {isa = PBXFileReference; lastKnownFileType = sourcecode.swift; path = CalendarPaginationService.swift; sourceTree = "<group>"; };
		C7D0B4502827010C00AA4AE3 /* MyGardenViewController.swift */ = {isa = PBXFileReference; lastKnownFileType = sourcecode.swift; path = MyGardenViewController.swift; sourceTree = "<group>"; };
		C7D0B454282BC6AD00AA4AE3 /* MyNotesViewController.swift */ = {isa = PBXFileReference; lastKnownFileType = sourcecode.swift; path = MyNotesViewController.swift; sourceTree = "<group>"; };
		C7D0B456282BCA0300AA4AE3 /* MyNotesTableViewCell.swift */ = {isa = PBXFileReference; lastKnownFileType = sourcecode.swift; path = MyNotesTableViewCell.swift; sourceTree = "<group>"; };
		C7DF4114281685FD00193C5C /* Fonts.swift */ = {isa = PBXFileReference; lastKnownFileType = sourcecode.swift; path = Fonts.swift; sourceTree = "<group>"; };
		C7DF41162816864600193C5C /* GreenView.swift */ = {isa = PBXFileReference; lastKnownFileType = sourcecode.swift; path = GreenView.swift; sourceTree = "<group>"; };
		C7DF41182816877E00193C5C /* Colors.swift */ = {isa = PBXFileReference; lastKnownFileType = sourcecode.swift; path = Colors.swift; sourceTree = "<group>"; };
		C7DF411C281692C100193C5C /* MyGardenTableViewCell.swift */ = {isa = PBXFileReference; lastKnownFileType = sourcecode.swift; path = MyGardenTableViewCell.swift; sourceTree = "<group>"; };
		C7E866CB27F869E300F9784C /* CalendarViewController.swift */ = {isa = PBXFileReference; lastKnownFileType = sourcecode.swift; path = CalendarViewController.swift; sourceTree = "<group>"; };
/* End PBXFileReference section */

/* Begin PBXFrameworksBuildPhase section */
		7CC212E027CBED0800DCF978 /* Frameworks */ = {
			isa = PBXFrameworksBuildPhase;
			buildActionMask = 2147483647;
			files = (
				E88E40D2CFD1B8FDD585909A /* Pods_Garden_App.framework in Frameworks */,
			);
			runOnlyForDeploymentPostprocessing = 0;
		};
/* End PBXFrameworksBuildPhase section */

/* Begin PBXGroup section */
		0659958BD155C865589DE62E /* Pods */ = {
			isa = PBXGroup;
			children = (
				B649471A75255ACE9C7D68D8 /* Pods-Garden_App.debug.xcconfig */,
				36929F991DE5833188C6318E /* Pods-Garden_App.release.xcconfig */,
			);
			path = Pods;
			sourceTree = "<group>";
		};
		7C391C6A27FF96B20041AD83 /* Presenters */ = {
			isa = PBXGroup;
			children = (
				7C391C6D280077270041AD83 /* DayPresenter.swift */,
				7C5B1A102814C534000C9999 /* PreviousDayPresenter.swift */,
			);
			path = Presenters;
			sourceTree = "<group>";
		};
		7C47DCC327F399450087F5D7 /* Models */ = {
			isa = PBXGroup;
			children = (
				7C47DD2C27F44AC20087F5D7 /* Entities */,
				7C47DD2327F449000087F5D7 /* Structs */,
			);
			path = Models;
			sourceTree = "<group>";
		};
		7C47DD1627F3A2E20087F5D7 /* Services */ = {
			isa = PBXGroup;
			children = (
				7C47DD2127F448840087F5D7 /* NotesService.swift */,
				C70D608B281629A200D90071 /* CalendarPaginationService.swift */,
				7C391C6627FF93160041AD83 /* Repository.swift */,
				7C391C6827FF955E0041AD83 /* AdviceService.swift */,
			);
			path = Services;
			sourceTree = "<group>";
		};
		7C47DD2327F449000087F5D7 /* Structs */ = {
			isa = PBXGroup;
			children = (
				7C47DD2427F449240087F5D7 /* ReminderStruct.swift */,
				7C47DD2627F4493F0087F5D7 /* TagStruct.swift */,
				7C47DD2827F4494F0087F5D7 /* PlantStruct.swift */,
				7C47DD2A27F4495A0087F5D7 /* NoteStruct.swift */,
			);
			path = Structs;
			sourceTree = "<group>";
		};
		7C47DD2C27F44AC20087F5D7 /* Entities */ = {
			isa = PBXGroup;
			children = (
				7C47DD1927F3ABC00087F5D7 /* ReminderEntity+CoreDataClass.swift */,
				7C47DD1A27F3ABC00087F5D7 /* ReminderEntity+CoreDataProperties.swift */,
				7C47DD0A27F39E0A0087F5D7 /* TagEntity+CoreDataClass.swift */,
				7C47DD0B27F39E0A0087F5D7 /* TagEntity+CoreDataProperties.swift */,
				7C47DD0C27F39E0A0087F5D7 /* PlantEntity+CoreDataClass.swift */,
				7C47DD0D27F39E0A0087F5D7 /* PlantEntity+CoreDataProperties.swift */,
				7C47DD0E27F39E0A0087F5D7 /* NoteEntity+CoreDataClass.swift */,
				7C47DD0F27F39E0A0087F5D7 /* NoteEntity+CoreDataProperties.swift */,
			);
			path = Entities;
			sourceTree = "<group>";
		};
		7C47DD2F27F74B320087F5D7 /* Screens */ = {
			isa = PBXGroup;
			children = (
				7CB2305427F74D1300528A48 /* DayViewController.swift */,
				C7E866CB27F869E300F9784C /* CalendarViewController.swift */,
				7C32E4622810511A00FAA811 /* AddReminderController.swift */,
				7C5B1A0E2814C45F000C9999 /* PreviousDayViewController.swift */,
				7C30CFDC2815B7EE006F592A /* NoteViewController.swift */,
				C7D0B4502827010C00AA4AE3 /* MyGardenViewController.swift */,
				C7D0B454282BC6AD00AA4AE3 /* MyNotesViewController.swift */,
			);
			path = Screens;
			sourceTree = "<group>";
		};
		7CB2305E27F7721C00528A48 /* Fonts */ = {
			isa = PBXGroup;
			children = (
				7C32E4642814AA1200FAA811 /* Roboto.ttf */,
				7CB2306227F7A21B00528A48 /* RobotoFlex.ttf */,
				7CB2306027F7728800528A48 /* Roboto-Bold.ttf */,
			);
			path = Fonts;
			sourceTree = "<group>";
		};
		7CB2305F27F7722B00528A48 /* Source */ = {
			isa = PBXGroup;
			children = (
				7CDA745A280B6D670035125D /* Views */,
				7CB2306627FA33AB00528A48 /* Design */,
			);
			path = Source;
			sourceTree = "<group>";
		};
		7CB2306627FA33AB00528A48 /* Design */ = {
			isa = PBXGroup;
			children = (
				7CB2306727FA343400528A48 /* Constraints.swift */,
				C7DF4114281685FD00193C5C /* Fonts.swift */,
				C7DF41182816877E00193C5C /* Colors.swift */,
			);
			path = Design;
			sourceTree = "<group>";
		};
		7CC212DA27CBED0700DCF978 = {
			isa = PBXGroup;
			children = (
				7CC212E527CBED0800DCF978 /* Garden_App */,
				7CC212E427CBED0800DCF978 /* Products */,
				0659958BD155C865589DE62E /* Pods */,
				84393A06CD1522133AEEC411 /* Frameworks */,
			);
			sourceTree = "<group>";
		};
		7CC212E427CBED0800DCF978 /* Products */ = {
			isa = PBXGroup;
			children = (
				7CC212E327CBED0800DCF978 /* Garden_App.app */,
			);
			name = Products;
			sourceTree = "<group>";
		};
		7CC212E527CBED0800DCF978 /* Garden_App */ = {
			isa = PBXGroup;
			children = (
				7CDA7455280ACD1E0035125D /* Resource */,
				7CB2305F27F7722B00528A48 /* Source */,
				7C391C6A27FF96B20041AD83 /* Presenters */,
				7C47DD2F27F74B320087F5D7 /* Screens */,
				7C47DD1627F3A2E20087F5D7 /* Services */,
				7C47DCC327F399450087F5D7 /* Models */,
				7CC212E627CBED0800DCF978 /* AppDelegate.swift */,
				7CC212E827CBED0800DCF978 /* SceneDelegate.swift */,
				7CC212EA27CBED0800DCF978 /* ViewController.swift */,
				7CC212F427CBED0900DCF978 /* LaunchScreen.storyboard */,
				7CC212F727CBED0900DCF978 /* Info.plist */,
				7CC212EF27CBED0800DCF978 /* Garden_App.xcdatamodeld */,
			);
			path = Garden_App;
			sourceTree = "<group>";
		};
		7CDA7455280ACD1E0035125D /* Resource */ = {
			isa = PBXGroup;
			children = (
				7CC212F227CBED0900DCF978 /* Assets.xcassets */,
				7CB2305E27F7721C00528A48 /* Fonts */,
			);
			path = Resource;
			sourceTree = "<group>";
		};
		7CDA745A280B6D670035125D /* Views */ = {
			isa = PBXGroup;
			children = (
				C70D605F2809DC0800D90071 /* CalendarTableViewCell.swift */,
				7CB2306927FB60E500528A48 /* AddNoteView.swift */,
				7C4F4EB92804C41600547B95 /* AddReminderView.swift */,
				7C30CFDE2815EA99006F592A /* EditableGreenView.swift */,
				7C30CFE02815F2B9006F592A /* TagView.swift */,
				7C30CFE22815FE2D006F592A /* CollectionViewCell.swift */,
				C7DF41162816864600193C5C /* GreenView.swift */,
				C7DF411C281692C100193C5C /* MyGardenTableViewCell.swift */,
				C7D0B456282BCA0300AA4AE3 /* MyNotesTableViewCell.swift */,
			);
			path = Views;
			sourceTree = "<group>";
		};
		84393A06CD1522133AEEC411 /* Frameworks */ = {
			isa = PBXGroup;
			children = (
				6286231C81B228318D732A7D /* Pods_Garden_App.framework */,
			);
			name = Frameworks;
			sourceTree = "<group>";
		};
/* End PBXGroup section */

/* Begin PBXNativeTarget section */
		7CC212E227CBED0800DCF978 /* Garden_App */ = {
			isa = PBXNativeTarget;
			buildConfigurationList = 7CC212FA27CBED0900DCF978 /* Build configuration list for PBXNativeTarget "Garden_App" */;
			buildPhases = (
				BAFDC1BC2B52E7D3AB5D9ED9 /* [CP] Check Pods Manifest.lock */,
				7CC212DF27CBED0800DCF978 /* Sources */,
				7CC212E027CBED0800DCF978 /* Frameworks */,
				7CC212E127CBED0800DCF978 /* Resources */,
				D8297397F3E0558BDA7A8683 /* [CP] Embed Pods Frameworks */,
			);
			buildRules = (
			);
			dependencies = (
			);
			name = Garden_App;
			productName = Garden_App;
			productReference = 7CC212E327CBED0800DCF978 /* Garden_App.app */;
			productType = "com.apple.product-type.application";
		};
/* End PBXNativeTarget section */

/* Begin PBXProject section */
		7CC212DB27CBED0700DCF978 /* Project object */ = {
			isa = PBXProject;
			attributes = {
				BuildIndependentTargetsInParallel = 1;
				LastSwiftUpdateCheck = 1320;
				LastUpgradeCheck = 1320;
				TargetAttributes = {
					7CC212E227CBED0800DCF978 = {
						CreatedOnToolsVersion = 13.2.1;
					};
				};
			};
			buildConfigurationList = 7CC212DE27CBED0700DCF978 /* Build configuration list for PBXProject "Garden_App" */;
			compatibilityVersion = "Xcode 13.0";
			developmentRegion = en;
			hasScannedForEncodings = 0;
			knownRegions = (
				en,
				Base,
			);
			mainGroup = 7CC212DA27CBED0700DCF978;
			productRefGroup = 7CC212E427CBED0800DCF978 /* Products */;
			projectDirPath = "";
			projectRoot = "";
			targets = (
				7CC212E227CBED0800DCF978 /* Garden_App */,
			);
		};
/* End PBXProject section */

/* Begin PBXResourcesBuildPhase section */
		7CC212E127CBED0800DCF978 /* Resources */ = {
			isa = PBXResourcesBuildPhase;
			buildActionMask = 2147483647;
			files = (
				7C32E4652814AA1200FAA811 /* Roboto.ttf in Resources */,
				7CC212F627CBED0900DCF978 /* LaunchScreen.storyboard in Resources */,
				7CC212F327CBED0900DCF978 /* Assets.xcassets in Resources */,
				7CB2306127F7728800528A48 /* Roboto-Bold.ttf in Resources */,
				7CB2306327F7A21B00528A48 /* RobotoFlex.ttf in Resources */,
			);
			runOnlyForDeploymentPostprocessing = 0;
		};
/* End PBXResourcesBuildPhase section */

/* Begin PBXShellScriptBuildPhase section */
		BAFDC1BC2B52E7D3AB5D9ED9 /* [CP] Check Pods Manifest.lock */ = {
			isa = PBXShellScriptBuildPhase;
			buildActionMask = 2147483647;
			files = (
			);
			inputFileListPaths = (
			);
			inputPaths = (
				"${PODS_PODFILE_DIR_PATH}/Podfile.lock",
				"${PODS_ROOT}/Manifest.lock",
			);
			name = "[CP] Check Pods Manifest.lock";
			outputFileListPaths = (
			);
			outputPaths = (
				"$(DERIVED_FILE_DIR)/Pods-Garden_App-checkManifestLockResult.txt",
			);
			runOnlyForDeploymentPostprocessing = 0;
			shellPath = /bin/sh;
			shellScript = "diff \"${PODS_PODFILE_DIR_PATH}/Podfile.lock\" \"${PODS_ROOT}/Manifest.lock\" > /dev/null\nif [ $? != 0 ] ; then\n    # print error to STDERR\n    echo \"error: The sandbox is not in sync with the Podfile.lock. Run 'pod install' or update your CocoaPods installation.\" >&2\n    exit 1\nfi\n# This output is used by Xcode 'outputs' to avoid re-running this script phase.\necho \"SUCCESS\" > \"${SCRIPT_OUTPUT_FILE_0}\"\n";
			showEnvVarsInLog = 0;
		};
		D8297397F3E0558BDA7A8683 /* [CP] Embed Pods Frameworks */ = {
			isa = PBXShellScriptBuildPhase;
			buildActionMask = 2147483647;
			files = (
			);
			inputFileListPaths = (
				"${PODS_ROOT}/Target Support Files/Pods-Garden_App/Pods-Garden_App-frameworks-${CONFIGURATION}-input-files.xcfilelist",
			);
			name = "[CP] Embed Pods Frameworks";
			outputFileListPaths = (
				"${PODS_ROOT}/Target Support Files/Pods-Garden_App/Pods-Garden_App-frameworks-${CONFIGURATION}-output-files.xcfilelist",
			);
			runOnlyForDeploymentPostprocessing = 0;
			shellPath = /bin/sh;
			shellScript = "\"${PODS_ROOT}/Target Support Files/Pods-Garden_App/Pods-Garden_App-frameworks.sh\"\n";
			showEnvVarsInLog = 0;
		};
/* End PBXShellScriptBuildPhase section */

/* Begin PBXSourcesBuildPhase section */
		7CC212DF27CBED0800DCF978 /* Sources */ = {
			isa = PBXSourcesBuildPhase;
			buildActionMask = 2147483647;
			files = (
				C7D0B4512827010C00AA4AE3 /* MyGardenViewController.swift in Sources */,
				7C47DD1227F39E0A0087F5D7 /* PlantEntity+CoreDataClass.swift in Sources */,
				C7E866CC27F869E300F9784C /* CalendarViewController.swift in Sources */,
				7C30CFE32815FE2D006F592A /* CollectionViewCell.swift in Sources */,
				7C30CFE12815F2B9006F592A /* TagView.swift in Sources */,
				7C5B1A112814C534000C9999 /* PreviousDayPresenter.swift in Sources */,
				7CC212F127CBED0800DCF978 /* Garden_App.xcdatamodeld in Sources */,
				7C47DD1027F39E0A0087F5D7 /* TagEntity+CoreDataClass.swift in Sources */,
				7CB2305527F74D1300528A48 /* DayViewController.swift in Sources */,
				7C30CFDD2815B7EE006F592A /* NoteViewController.swift in Sources */,
				7CC212EB27CBED0800DCF978 /* ViewController.swift in Sources */,
				7C4F4EBA2804C41600547B95 /* AddReminderView.swift in Sources */,
				7C47DD1C27F3ABC00087F5D7 /* ReminderEntity+CoreDataProperties.swift in Sources */,
				7C5B1A0F2814C45F000C9999 /* PreviousDayViewController.swift in Sources */,
				7C391C6727FF93160041AD83 /* Repository.swift in Sources */,
				7C47DD1527F39E0A0087F5D7 /* NoteEntity+CoreDataProperties.swift in Sources */,
				7C47DD1127F39E0A0087F5D7 /* TagEntity+CoreDataProperties.swift in Sources */,
				C70D60602809DC0800D90071 /* CalendarTableViewCell.swift in Sources */,
				7C47DD2227F448840087F5D7 /* NotesService.swift in Sources */,
				7C32E4632810511A00FAA811 /* AddReminderController.swift in Sources */,
				7C47DD1B27F3ABC00087F5D7 /* ReminderEntity+CoreDataClass.swift in Sources */,
				7CC212E727CBED0800DCF978 /* AppDelegate.swift in Sources */,
				7C47DD1427F39E0A0087F5D7 /* NoteEntity+CoreDataClass.swift in Sources */,
				C70D608C281629A200D90071 /* CalendarPaginationService.swift in Sources */,
				C7DF411D281692C100193C5C /* MyGardenTableViewCell.swift in Sources */,
				C7D0B457282BCA0300AA4AE3 /* MyNotesTableViewCell.swift in Sources */,
				7C47DD2927F4494F0087F5D7 /* PlantStruct.swift in Sources */,
				7CB2306827FA343400528A48 /* Constraints.swift in Sources */,
				7C47DD2B27F4495A0087F5D7 /* NoteStruct.swift in Sources */,
				C7D0B455282BC6AD00AA4AE3 /* MyNotesViewController.swift in Sources */,
				7C47DD2727F4493F0087F5D7 /* TagStruct.swift in Sources */,
				C7DF41192816877E00193C5C /* Colors.swift in Sources */,
				7C30CFDF2815EA99006F592A /* EditableGreenView.swift in Sources */,
				7CB2306A27FB60E500528A48 /* AddNoteView.swift in Sources */,
				7C391C6927FF955E0041AD83 /* AdviceService.swift in Sources */,
				7C47DD1327F39E0A0087F5D7 /* PlantEntity+CoreDataProperties.swift in Sources */,
				C7DF41172816864600193C5C /* GreenView.swift in Sources */,
				7C391C6E280077270041AD83 /* DayPresenter.swift in Sources */,
				7CC212E927CBED0800DCF978 /* SceneDelegate.swift in Sources */,
				C7DF4115281685FD00193C5C /* Fonts.swift in Sources */,
				7C47DD2527F449240087F5D7 /* ReminderStruct.swift in Sources */,
			);
			runOnlyForDeploymentPostprocessing = 0;
		};
/* End PBXSourcesBuildPhase section */

/* Begin PBXVariantGroup section */
		7CC212F427CBED0900DCF978 /* LaunchScreen.storyboard */ = {
			isa = PBXVariantGroup;
			children = (
				7CC212F527CBED0900DCF978 /* Base */,
			);
			name = LaunchScreen.storyboard;
			sourceTree = "<group>";
		};
/* End PBXVariantGroup section */

/* Begin XCBuildConfiguration section */
		7CC212F827CBED0900DCF978 /* Debug */ = {
			isa = XCBuildConfiguration;
			buildSettings = {
				ALWAYS_SEARCH_USER_PATHS = NO;
				CLANG_ANALYZER_NONNULL = YES;
				CLANG_ANALYZER_NUMBER_OBJECT_CONVERSION = YES_AGGRESSIVE;
				CLANG_CXX_LANGUAGE_STANDARD = "gnu++17";
				CLANG_CXX_LIBRARY = "libc++";
				CLANG_ENABLE_MODULES = YES;
				CLANG_ENABLE_OBJC_ARC = YES;
				CLANG_ENABLE_OBJC_WEAK = YES;
				CLANG_WARN_BLOCK_CAPTURE_AUTORELEASING = YES;
				CLANG_WARN_BOOL_CONVERSION = YES;
				CLANG_WARN_COMMA = YES;
				CLANG_WARN_CONSTANT_CONVERSION = YES;
				CLANG_WARN_DEPRECATED_OBJC_IMPLEMENTATIONS = YES;
				CLANG_WARN_DIRECT_OBJC_ISA_USAGE = YES_ERROR;
				CLANG_WARN_DOCUMENTATION_COMMENTS = YES;
				CLANG_WARN_EMPTY_BODY = YES;
				CLANG_WARN_ENUM_CONVERSION = YES;
				CLANG_WARN_INFINITE_RECURSION = YES;
				CLANG_WARN_INT_CONVERSION = YES;
				CLANG_WARN_NON_LITERAL_NULL_CONVERSION = YES;
				CLANG_WARN_OBJC_IMPLICIT_RETAIN_SELF = YES;
				CLANG_WARN_OBJC_LITERAL_CONVERSION = YES;
				CLANG_WARN_OBJC_ROOT_CLASS = YES_ERROR;
				CLANG_WARN_QUOTED_INCLUDE_IN_FRAMEWORK_HEADER = YES;
				CLANG_WARN_RANGE_LOOP_ANALYSIS = YES;
				CLANG_WARN_STRICT_PROTOTYPES = YES;
				CLANG_WARN_SUSPICIOUS_MOVE = YES;
				CLANG_WARN_UNGUARDED_AVAILABILITY = YES_AGGRESSIVE;
				CLANG_WARN_UNREACHABLE_CODE = YES;
				CLANG_WARN__DUPLICATE_METHOD_MATCH = YES;
				COPY_PHASE_STRIP = NO;
				DEBUG_INFORMATION_FORMAT = dwarf;
				ENABLE_STRICT_OBJC_MSGSEND = YES;
				ENABLE_TESTABILITY = YES;
				GCC_C_LANGUAGE_STANDARD = gnu11;
				GCC_DYNAMIC_NO_PIC = NO;
				GCC_NO_COMMON_BLOCKS = YES;
				GCC_OPTIMIZATION_LEVEL = 0;
				GCC_PREPROCESSOR_DEFINITIONS = (
					"DEBUG=1",
					"$(inherited)",
				);
				GCC_WARN_64_TO_32_BIT_CONVERSION = YES;
				GCC_WARN_ABOUT_RETURN_TYPE = YES_ERROR;
				GCC_WARN_UNDECLARED_SELECTOR = YES;
				GCC_WARN_UNINITIALIZED_AUTOS = YES_AGGRESSIVE;
				GCC_WARN_UNUSED_FUNCTION = YES;
				GCC_WARN_UNUSED_VARIABLE = YES;
				IPHONEOS_DEPLOYMENT_TARGET = 13.0;
				MTL_ENABLE_DEBUG_INFO = INCLUDE_SOURCE;
				MTL_FAST_MATH = YES;
				ONLY_ACTIVE_ARCH = YES;
				SDKROOT = iphoneos;
				SWIFT_ACTIVE_COMPILATION_CONDITIONS = DEBUG;
				SWIFT_OPTIMIZATION_LEVEL = "-Onone";
			};
			name = Debug;
		};
		7CC212F927CBED0900DCF978 /* Release */ = {
			isa = XCBuildConfiguration;
			buildSettings = {
				ALWAYS_SEARCH_USER_PATHS = NO;
				CLANG_ANALYZER_NONNULL = YES;
				CLANG_ANALYZER_NUMBER_OBJECT_CONVERSION = YES_AGGRESSIVE;
				CLANG_CXX_LANGUAGE_STANDARD = "gnu++17";
				CLANG_CXX_LIBRARY = "libc++";
				CLANG_ENABLE_MODULES = YES;
				CLANG_ENABLE_OBJC_ARC = YES;
				CLANG_ENABLE_OBJC_WEAK = YES;
				CLANG_WARN_BLOCK_CAPTURE_AUTORELEASING = YES;
				CLANG_WARN_BOOL_CONVERSION = YES;
				CLANG_WARN_COMMA = YES;
				CLANG_WARN_CONSTANT_CONVERSION = YES;
				CLANG_WARN_DEPRECATED_OBJC_IMPLEMENTATIONS = YES;
				CLANG_WARN_DIRECT_OBJC_ISA_USAGE = YES_ERROR;
				CLANG_WARN_DOCUMENTATION_COMMENTS = YES;
				CLANG_WARN_EMPTY_BODY = YES;
				CLANG_WARN_ENUM_CONVERSION = YES;
				CLANG_WARN_INFINITE_RECURSION = YES;
				CLANG_WARN_INT_CONVERSION = YES;
				CLANG_WARN_NON_LITERAL_NULL_CONVERSION = YES;
				CLANG_WARN_OBJC_IMPLICIT_RETAIN_SELF = YES;
				CLANG_WARN_OBJC_LITERAL_CONVERSION = YES;
				CLANG_WARN_OBJC_ROOT_CLASS = YES_ERROR;
				CLANG_WARN_QUOTED_INCLUDE_IN_FRAMEWORK_HEADER = YES;
				CLANG_WARN_RANGE_LOOP_ANALYSIS = YES;
				CLANG_WARN_STRICT_PROTOTYPES = YES;
				CLANG_WARN_SUSPICIOUS_MOVE = YES;
				CLANG_WARN_UNGUARDED_AVAILABILITY = YES_AGGRESSIVE;
				CLANG_WARN_UNREACHABLE_CODE = YES;
				CLANG_WARN__DUPLICATE_METHOD_MATCH = YES;
				COPY_PHASE_STRIP = NO;
				DEBUG_INFORMATION_FORMAT = "dwarf-with-dsym";
				ENABLE_NS_ASSERTIONS = NO;
				ENABLE_STRICT_OBJC_MSGSEND = YES;
				GCC_C_LANGUAGE_STANDARD = gnu11;
				GCC_NO_COMMON_BLOCKS = YES;
				GCC_WARN_64_TO_32_BIT_CONVERSION = YES;
				GCC_WARN_ABOUT_RETURN_TYPE = YES_ERROR;
				GCC_WARN_UNDECLARED_SELECTOR = YES;
				GCC_WARN_UNINITIALIZED_AUTOS = YES_AGGRESSIVE;
				GCC_WARN_UNUSED_FUNCTION = YES;
				GCC_WARN_UNUSED_VARIABLE = YES;
				IPHONEOS_DEPLOYMENT_TARGET = 13.0;
				MTL_ENABLE_DEBUG_INFO = NO;
				MTL_FAST_MATH = YES;
				SDKROOT = iphoneos;
				SWIFT_COMPILATION_MODE = wholemodule;
				SWIFT_OPTIMIZATION_LEVEL = "-O";
				VALIDATE_PRODUCT = YES;
			};
			name = Release;
		};
		7CC212FB27CBED0900DCF978 /* Debug */ = {
			isa = XCBuildConfiguration;
			baseConfigurationReference = B649471A75255ACE9C7D68D8 /* Pods-Garden_App.debug.xcconfig */;
			buildSettings = {
				ASSETCATALOG_COMPILER_APPICON_NAME = AppIcon;
				ASSETCATALOG_COMPILER_GLOBAL_ACCENT_COLOR_NAME = AccentColor;
				CODE_SIGN_STYLE = Automatic;
				CURRENT_PROJECT_VERSION = 1;
				DEVELOPMENT_TEAM = JBT9ELSWTN;
				GENERATE_INFOPLIST_FILE = YES;
				INFOPLIST_FILE = Garden_App/Info.plist;
				INFOPLIST_KEY_UIApplicationSupportsIndirectInputEvents = YES;
				INFOPLIST_KEY_UILaunchStoryboardName = LaunchScreen;
				INFOPLIST_KEY_UISupportedInterfaceOrientations_iPad = "UIInterfaceOrientationPortrait UIInterfaceOrientationPortraitUpsideDown UIInterfaceOrientationLandscapeLeft UIInterfaceOrientationLandscapeRight";
				INFOPLIST_KEY_UISupportedInterfaceOrientations_iPhone = "UIInterfaceOrientationPortrait UIInterfaceOrientationLandscapeLeft UIInterfaceOrientationLandscapeRight";
				LD_RUNPATH_SEARCH_PATHS = (
					"$(inherited)",
					"@executable_path/Frameworks",
				);
				MARKETING_VERSION = 1.0;
				PRODUCT_BUNDLE_IDENTIFIER = "itis.Garden-App";
				PRODUCT_NAME = "$(TARGET_NAME)";
				SWIFT_EMIT_LOC_STRINGS = YES;
				SWIFT_VERSION = 5.0;
				TARGETED_DEVICE_FAMILY = 1;
			};
			name = Debug;
		};
		7CC212FC27CBED0900DCF978 /* Release */ = {
			isa = XCBuildConfiguration;
			baseConfigurationReference = 36929F991DE5833188C6318E /* Pods-Garden_App.release.xcconfig */;
			buildSettings = {
				ASSETCATALOG_COMPILER_APPICON_NAME = AppIcon;
				ASSETCATALOG_COMPILER_GLOBAL_ACCENT_COLOR_NAME = AccentColor;
				CODE_SIGN_STYLE = Automatic;
				CURRENT_PROJECT_VERSION = 1;
				DEVELOPMENT_TEAM = JBT9ELSWTN;
				GENERATE_INFOPLIST_FILE = YES;
				INFOPLIST_FILE = Garden_App/Info.plist;
				INFOPLIST_KEY_UIApplicationSupportsIndirectInputEvents = YES;
				INFOPLIST_KEY_UILaunchStoryboardName = LaunchScreen;
				INFOPLIST_KEY_UISupportedInterfaceOrientations_iPad = "UIInterfaceOrientationPortrait UIInterfaceOrientationPortraitUpsideDown UIInterfaceOrientationLandscapeLeft UIInterfaceOrientationLandscapeRight";
				INFOPLIST_KEY_UISupportedInterfaceOrientations_iPhone = "UIInterfaceOrientationPortrait UIInterfaceOrientationLandscapeLeft UIInterfaceOrientationLandscapeRight";
				LD_RUNPATH_SEARCH_PATHS = (
					"$(inherited)",
					"@executable_path/Frameworks",
				);
				MARKETING_VERSION = 1.0;
				PRODUCT_BUNDLE_IDENTIFIER = "itis.Garden-App";
				PRODUCT_NAME = "$(TARGET_NAME)";
				SWIFT_EMIT_LOC_STRINGS = YES;
				SWIFT_VERSION = 5.0;
				TARGETED_DEVICE_FAMILY = 1;
			};
			name = Release;
		};
/* End XCBuildConfiguration section */

/* Begin XCConfigurationList section */
		7CC212DE27CBED0700DCF978 /* Build configuration list for PBXProject "Garden_App" */ = {
			isa = XCConfigurationList;
			buildConfigurations = (
				7CC212F827CBED0900DCF978 /* Debug */,
				7CC212F927CBED0900DCF978 /* Release */,
			);
			defaultConfigurationIsVisible = 0;
			defaultConfigurationName = Release;
		};
		7CC212FA27CBED0900DCF978 /* Build configuration list for PBXNativeTarget "Garden_App" */ = {
			isa = XCConfigurationList;
			buildConfigurations = (
				7CC212FB27CBED0900DCF978 /* Debug */,
				7CC212FC27CBED0900DCF978 /* Release */,
			);
			defaultConfigurationIsVisible = 0;
			defaultConfigurationName = Release;
		};
/* End XCConfigurationList section */

/* Begin XCVersionGroup section */
		7CC212EF27CBED0800DCF978 /* Garden_App.xcdatamodeld */ = {
			isa = XCVersionGroup;
			children = (
				7CC212F027CBED0800DCF978 /* Garden_App.xcdatamodel */,
			);
			currentVersion = 7CC212F027CBED0800DCF978 /* Garden_App.xcdatamodel */;
			path = Garden_App.xcdatamodeld;
			sourceTree = "<group>";
			versionGroupType = wrapper.xcdatamodel;
		};
/* End XCVersionGroup section */
	};
	rootObject = 7CC212DB27CBED0700DCF978 /* Project object */;
}
