// !$*UTF8*$!
{
	archiveVersion = 1;
	classes = {
	};
	objectVersion = 55;
	objects = {

/* Begin PBXBuildFile section */
		1AC418A958EB80079A1F877E /* Pods_Garden_App.framework in Frameworks */ = {isa = PBXBuildFile; fileRef = 96964A7D222CD7F196C4B766 /* Pods_Garden_App.framework */; };
		7CC212E727CBED0800DCF978 /* AppDelegate.swift in Sources */ = {isa = PBXBuildFile; fileRef = 7CC212E627CBED0800DCF978 /* AppDelegate.swift */; };
		7CC212E927CBED0800DCF978 /* SceneDelegate.swift in Sources */ = {isa = PBXBuildFile; fileRef = 7CC212E827CBED0800DCF978 /* SceneDelegate.swift */; };
		7CC212EB27CBED0800DCF978 /* ViewController.swift in Sources */ = {isa = PBXBuildFile; fileRef = 7CC212EA27CBED0800DCF978 /* ViewController.swift */; };
		7CC212EE27CBED0800DCF978 /* Main.storyboard in Resources */ = {isa = PBXBuildFile; fileRef = 7CC212EC27CBED0800DCF978 /* Main.storyboard */; };
		7CC212F127CBED0800DCF978 /* Garden_App.xcdatamodeld in Sources */ = {isa = PBXBuildFile; fileRef = 7CC212EF27CBED0800DCF978 /* Garden_App.xcdatamodeld */; };
		7CC212F327CBED0900DCF978 /* Assets.xcassets in Resources */ = {isa = PBXBuildFile; fileRef = 7CC212F227CBED0900DCF978 /* Assets.xcassets */; };
		7CC212F627CBED0900DCF978 /* LaunchScreen.storyboard in Resources */ = {isa = PBXBuildFile; fileRef = 7CC212F427CBED0900DCF978 /* LaunchScreen.storyboard */; };
/* End PBXBuildFile section */

/* Begin PBXFileReference section */
		0455187B4ACD4AE603D76671 /* Pods-Garden_App.debug.xcconfig */ = {isa = PBXFileReference; includeInIndex = 1; lastKnownFileType = text.xcconfig; name = "Pods-Garden_App.debug.xcconfig"; path = "Target Support Files/Pods-Garden_App/Pods-Garden_App.debug.xcconfig"; sourceTree = "<group>"; };
		7CC212E327CBED0800DCF978 /* Garden_App.app */ = {isa = PBXFileReference; explicitFileType = wrapper.application; includeInIndex = 0; path = Garden_App.app; sourceTree = BUILT_PRODUCTS_DIR; };
		7CC212E627CBED0800DCF978 /* AppDelegate.swift */ = {isa = PBXFileReference; lastKnownFileType = sourcecode.swift; path = AppDelegate.swift; sourceTree = "<group>"; };
		7CC212E827CBED0800DCF978 /* SceneDelegate.swift */ = {isa = PBXFileReference; lastKnownFileType = sourcecode.swift; path = SceneDelegate.swift; sourceTree = "<group>"; };
		7CC212EA27CBED0800DCF978 /* ViewController.swift */ = {isa = PBXFileReference; lastKnownFileType = sourcecode.swift; path = ViewController.swift; sourceTree = "<group>"; };
		7CC212ED27CBED0800DCF978 /* Base */ = {isa = PBXFileReference; lastKnownFileType = file.storyboard; name = Base; path = Base.lproj/Main.storyboard; sourceTree = "<group>"; };
		7CC212F027CBED0800DCF978 /* Garden_App.xcdatamodel */ = {isa = PBXFileReference; lastKnownFileType = wrapper.xcdatamodel; path = Garden_App.xcdatamodel; sourceTree = "<group>"; };
		7CC212F227CBED0900DCF978 /* Assets.xcassets */ = {isa = PBXFileReference; lastKnownFileType = folder.assetcatalog; path = Assets.xcassets; sourceTree = "<group>"; };
		7CC212F527CBED0900DCF978 /* Base */ = {isa = PBXFileReference; lastKnownFileType = file.storyboard; name = Base; path = Base.lproj/LaunchScreen.storyboard; sourceTree = "<group>"; };
		7CC212F727CBED0900DCF978 /* Info.plist */ = {isa = PBXFileReference; lastKnownFileType = text.plist.xml; path = Info.plist; sourceTree = "<group>"; };
		96964A7D222CD7F196C4B766 /* Pods_Garden_App.framework */ = {isa = PBXFileReference; explicitFileType = wrapper.framework; includeInIndex = 0; path = Pods_Garden_App.framework; sourceTree = BUILT_PRODUCTS_DIR; };
		C35C8F24314FD98E301C5967 /* Pods-Garden_App.release.xcconfig */ = {isa = PBXFileReference; includeInIndex = 1; lastKnownFileType = text.xcconfig; name = "Pods-Garden_App.release.xcconfig"; path = "Target Support Files/Pods-Garden_App/Pods-Garden_App.release.xcconfig"; sourceTree = "<group>"; };
/* End PBXFileReference section */

/* Begin PBXFrameworksBuildPhase section */
		7CC212E027CBED0800DCF978 /* Frameworks */ = {
			isa = PBXFrameworksBuildPhase;
			buildActionMask = 2147483647;
			files = (
				1AC418A958EB80079A1F877E /* Pods_Garden_App.framework in Frameworks */,
			);
			runOnlyForDeploymentPostprocessing = 0;
		};
/* End PBXFrameworksBuildPhase section */

/* Begin PBXGroup section */
		776BA7B63E0A421209957CC7 /* Pods */ = {
			isa = PBXGroup;
			children = (
				0455187B4ACD4AE603D76671 /* Pods-Garden_App.debug.xcconfig */,
				C35C8F24314FD98E301C5967 /* Pods-Garden_App.release.xcconfig */,
			);
			name = Pods;
			path = Pods;
			sourceTree = "<group>";
		};
		7CC212DA27CBED0700DCF978 = {
			isa = PBXGroup;
			children = (
				7CC212E527CBED0800DCF978 /* Garden_App */,
				7CC212E427CBED0800DCF978 /* Products */,
				776BA7B63E0A421209957CC7 /* Pods */,
				CC76A46AAD9BE39454F4DA63 /* Frameworks */,
			);
			sourceTree = "<group>";
		};
		7CC212E427CBED0800DCF978 /* Products */ = {
			isa = PBXGroup;
			children = (
				7CC212E327CBED0800DCF978 /* Garden_App.app */,
			);
			name = Products;
			sourceTree = "<group>";
		};
		7CC212E527CBED0800DCF978 /* Garden_App */ = {
			isa = PBXGroup;
			children = (
				7CC212E627CBED0800DCF978 /* AppDelegate.swift */,
				7CC212E827CBED0800DCF978 /* SceneDelegate.swift */,
				7CC212EA27CBED0800DCF978 /* ViewController.swift */,
				7CC212EC27CBED0800DCF978 /* Main.storyboard */,
				7CC212F227CBED0900DCF978 /* Assets.xcassets */,
				7CC212F427CBED0900DCF978 /* LaunchScreen.storyboard */,
				7CC212F727CBED0900DCF978 /* Info.plist */,
				7CC212EF27CBED0800DCF978 /* Garden_App.xcdatamodeld */,
			);
			path = Garden_App;
			sourceTree = "<group>";
		};
		CC76A46AAD9BE39454F4DA63 /* Frameworks */ = {
			isa = PBXGroup;
			children = (
				96964A7D222CD7F196C4B766 /* Pods_Garden_App.framework */,
			);
			name = Frameworks;
			sourceTree = "<group>";
		};
/* End PBXGroup section */

/* Begin PBXNativeTarget section */
		7CC212E227CBED0800DCF978 /* Garden_App */ = {
			isa = PBXNativeTarget;
			buildConfigurationList = 7CC212FA27CBED0900DCF978 /* Build configuration list for PBXNativeTarget "Garden_App" */;
			buildPhases = (
				FE780E8A1323B65F1D26D578 /* [CP] Check Pods Manifest.lock */,
				7CC212DF27CBED0800DCF978 /* Sources */,
				7CC212E027CBED0800DCF978 /* Frameworks */,
				7CC212E127CBED0800DCF978 /* Resources */,
				CCC9CBE786BAE9014E2D65B4 /* [CP] Embed Pods Frameworks */,
			);
			buildRules = (
			);
			dependencies = (
			);
			name = Garden_App;
			productName = Garden_App;
			productReference = 7CC212E327CBED0800DCF978 /* Garden_App.app */;
			productType = "com.apple.product-type.application";
		};
/* End PBXNativeTarget section */

/* Begin PBXProject section */
		7CC212DB27CBED0700DCF978 /* Project object */ = {
			isa = PBXProject;
			attributes = {
				BuildIndependentTargetsInParallel = 1;
				LastSwiftUpdateCheck = 1320;
				LastUpgradeCheck = 1320;
				TargetAttributes = {
					7CC212E227CBED0800DCF978 = {
						CreatedOnToolsVersion = 13.2.1;
					};
				};
			};
			buildConfigurationList = 7CC212DE27CBED0700DCF978 /* Build configuration list for PBXProject "Garden_App" */;
			compatibilityVersion = "Xcode 13.0";
			developmentRegion = en;
			hasScannedForEncodings = 0;
			knownRegions = (
				en,
				Base,
			);
			mainGroup = 7CC212DA27CBED0700DCF978;
			productRefGroup = 7CC212E427CBED0800DCF978 /* Products */;
			projectDirPath = "";
			projectRoot = "";
			targets = (
				7CC212E227CBED0800DCF978 /* Garden_App */,
			);
		};
/* End PBXProject section */

/* Begin PBXResourcesBuildPhase section */
		7CC212E127CBED0800DCF978 /* Resources */ = {
			isa = PBXResourcesBuildPhase;
			buildActionMask = 2147483647;
			files = (
				7CC212F627CBED0900DCF978 /* LaunchScreen.storyboard in Resources */,
				7CC212F327CBED0900DCF978 /* Assets.xcassets in Resources */,
				7CC212EE27CBED0800DCF978 /* Main.storyboard in Resources */,
			);
			runOnlyForDeploymentPostprocessing = 0;
		};
/* End PBXResourcesBuildPhase section */

/* Begin PBXShellScriptBuildPhase section */
		CCC9CBE786BAE9014E2D65B4 /* [CP] Embed Pods Frameworks */ = {
			isa = PBXShellScriptBuildPhase;
			buildActionMask = 2147483647;
			files = (
			);
			inputFileListPaths = (
				"${PODS_ROOT}/Target Support Files/Pods-Garden_App/Pods-Garden_App-frameworks-${CONFIGURATION}-input-files.xcfilelist",
			);
			name = "[CP] Embed Pods Frameworks";
			outputFileListPaths = (
				"${PODS_ROOT}/Target Support Files/Pods-Garden_App/Pods-Garden_App-frameworks-${CONFIGURATION}-output-files.xcfilelist",
			);
			runOnlyForDeploymentPostprocessing = 0;
			shellPath = /bin/sh;
			shellScript = "\"${PODS_ROOT}/Target Support Files/Pods-Garden_App/Pods-Garden_App-frameworks.sh\"\n";
			showEnvVarsInLog = 0;
		};
		FE780E8A1323B65F1D26D578 /* [CP] Check Pods Manifest.lock */ = {
			isa = PBXShellScriptBuildPhase;
			buildActionMask = 2147483647;
			files = (
			);
			inputFileListPaths = (
			);
			inputPaths = (
				"${PODS_PODFILE_DIR_PATH}/Podfile.lock",
				"${PODS_ROOT}/Manifest.lock",
			);
			name = "[CP] Check Pods Manifest.lock";
			outputFileListPaths = (
			);
			outputPaths = (
				"$(DERIVED_FILE_DIR)/Pods-Garden_App-checkManifestLockResult.txt",
			);
			runOnlyForDeploymentPostprocessing = 0;
			shellPath = /bin/sh;
			shellScript = "diff \"${PODS_PODFILE_DIR_PATH}/Podfile.lock\" \"${PODS_ROOT}/Manifest.lock\" > /dev/null\nif [ $? != 0 ] ; then\n    # print error to STDERR\n    echo \"error: The sandbox is not in sync with the Podfile.lock. Run 'pod install' or update your CocoaPods installation.\" >&2\n    exit 1\nfi\n# This output is used by Xcode 'outputs' to avoid re-running this script phase.\necho \"SUCCESS\" > \"${SCRIPT_OUTPUT_FILE_0}\"\n";
			showEnvVarsInLog = 0;
		};
/* End PBXShellScriptBuildPhase section */

/* Begin PBXSourcesBuildPhase section */
		7CC212DF27CBED0800DCF978 /* Sources */ = {
			isa = PBXSourcesBuildPhase;
			buildActionMask = 2147483647;
			files = (
				7CC212F127CBED0800DCF978 /* Garden_App.xcdatamodeld in Sources */,
				7CC212EB27CBED0800DCF978 /* ViewController.swift in Sources */,
				7CC212E727CBED0800DCF978 /* AppDelegate.swift in Sources */,
				7CC212E927CBED0800DCF978 /* SceneDelegate.swift in Sources */,
			);
			runOnlyForDeploymentPostprocessing = 0;
		};
/* End PBXSourcesBuildPhase section */

/* Begin PBXVariantGroup section */
		7CC212EC27CBED0800DCF978 /* Main.storyboard */ = {
			isa = PBXVariantGroup;
			children = (
				7CC212ED27CBED0800DCF978 /* Base */,
			);
			name = Main.storyboard;
			sourceTree = "<group>";
		};
		7CC212F427CBED0900DCF978 /* LaunchScreen.storyboard */ = {
			isa = PBXVariantGroup;
			children = (
				7CC212F527CBED0900DCF978 /* Base */,
			);
			name = LaunchScreen.storyboard;
			sourceTree = "<group>";
		};
/* End PBXVariantGroup section */

/* Begin XCBuildConfiguration section */
		7CC212F827CBED0900DCF978 /* Debug */ = {
			isa = XCBuildConfiguration;
			buildSettings = {
				ALWAYS_SEARCH_USER_PATHS = NO;
				CLANG_ANALYZER_NONNULL = YES;
				CLANG_ANALYZER_NUMBER_OBJECT_CONVERSION = YES_AGGRESSIVE;
				CLANG_CXX_LANGUAGE_STANDARD = "gnu++17";
				CLANG_CXX_LIBRARY = "libc++";
				CLANG_ENABLE_MODULES = YES;
				CLANG_ENABLE_OBJC_ARC = YES;
				CLANG_ENABLE_OBJC_WEAK = YES;
				CLANG_WARN_BLOCK_CAPTURE_AUTORELEASING = YES;
				CLANG_WARN_BOOL_CONVERSION = YES;
				CLANG_WARN_COMMA = YES;
				CLANG_WARN_CONSTANT_CONVERSION = YES;
				CLANG_WARN_DEPRECATED_OBJC_IMPLEMENTATIONS = YES;
				CLANG_WARN_DIRECT_OBJC_ISA_USAGE = YES_ERROR;
				CLANG_WARN_DOCUMENTATION_COMMENTS = YES;
				CLANG_WARN_EMPTY_BODY = YES;
				CLANG_WARN_ENUM_CONVERSION = YES;
				CLANG_WARN_INFINITE_RECURSION = YES;
				CLANG_WARN_INT_CONVERSION = YES;
				CLANG_WARN_NON_LITERAL_NULL_CONVERSION = YES;
				CLANG_WARN_OBJC_IMPLICIT_RETAIN_SELF = YES;
				CLANG_WARN_OBJC_LITERAL_CONVERSION = YES;
				CLANG_WARN_OBJC_ROOT_CLASS = YES_ERROR;
				CLANG_WARN_QUOTED_INCLUDE_IN_FRAMEWORK_HEADER = YES;
				CLANG_WARN_RANGE_LOOP_ANALYSIS = YES;
				CLANG_WARN_STRICT_PROTOTYPES = YES;
				CLANG_WARN_SUSPICIOUS_MOVE = YES;
				CLANG_WARN_UNGUARDED_AVAILABILITY = YES_AGGRESSIVE;
				CLANG_WARN_UNREACHABLE_CODE = YES;
				CLANG_WARN__DUPLICATE_METHOD_MATCH = YES;
				COPY_PHASE_STRIP = NO;
				DEBUG_INFORMATION_FORMAT = dwarf;
				ENABLE_STRICT_OBJC_MSGSEND = YES;
				ENABLE_TESTABILITY = YES;
				GCC_C_LANGUAGE_STANDARD = gnu11;
				GCC_DYNAMIC_NO_PIC = NO;
				GCC_NO_COMMON_BLOCKS = YES;
				GCC_OPTIMIZATION_LEVEL = 0;
				GCC_PREPROCESSOR_DEFINITIONS = (
					"DEBUG=1",
					"$(inherited)",
				);
				GCC_WARN_64_TO_32_BIT_CONVERSION = YES;
				GCC_WARN_ABOUT_RETURN_TYPE = YES_ERROR;
				GCC_WARN_UNDECLARED_SELECTOR = YES;
				GCC_WARN_UNINITIALIZED_AUTOS = YES_AGGRESSIVE;
				GCC_WARN_UNUSED_FUNCTION = YES;
				GCC_WARN_UNUSED_VARIABLE = YES;
				IPHONEOS_DEPLOYMENT_TARGET = 15.2;
				MTL_ENABLE_DEBUG_INFO = INCLUDE_SOURCE;
				MTL_FAST_MATH = YES;
				ONLY_ACTIVE_ARCH = YES;
				SDKROOT = iphoneos;
				SWIFT_ACTIVE_COMPILATION_CONDITIONS = DEBUG;
				SWIFT_OPTIMIZATION_LEVEL = "-Onone";
			};
			name = Debug;
		};
		7CC212F927CBED0900DCF978 /* Release */ = {
			isa = XCBuildConfiguration;
			buildSettings = {
				ALWAYS_SEARCH_USER_PATHS = NO;
				CLANG_ANALYZER_NONNULL = YES;
				CLANG_ANALYZER_NUMBER_OBJECT_CONVERSION = YES_AGGRESSIVE;
				CLANG_CXX_LANGUAGE_STANDARD = "gnu++17";
				CLANG_CXX_LIBRARY = "libc++";
				CLANG_ENABLE_MODULES = YES;
				CLANG_ENABLE_OBJC_ARC = YES;
				CLANG_ENABLE_OBJC_WEAK = YES;
				CLANG_WARN_BLOCK_CAPTURE_AUTORELEASING = YES;
				CLANG_WARN_BOOL_CONVERSION = YES;
				CLANG_WARN_COMMA = YES;
				CLANG_WARN_CONSTANT_CONVERSION = YES;
				CLANG_WARN_DEPRECATED_OBJC_IMPLEMENTATIONS = YES;
				CLANG_WARN_DIRECT_OBJC_ISA_USAGE = YES_ERROR;
				CLANG_WARN_DOCUMENTATION_COMMENTS = YES;
				CLANG_WARN_EMPTY_BODY = YES;
				CLANG_WARN_ENUM_CONVERSION = YES;
				CLANG_WARN_INFINITE_RECURSION = YES;
				CLANG_WARN_INT_CONVERSION = YES;
				CLANG_WARN_NON_LITERAL_NULL_CONVERSION = YES;
				CLANG_WARN_OBJC_IMPLICIT_RETAIN_SELF = YES;
				CLANG_WARN_OBJC_LITERAL_CONVERSION = YES;
				CLANG_WARN_OBJC_ROOT_CLASS = YES_ERROR;
				CLANG_WARN_QUOTED_INCLUDE_IN_FRAMEWORK_HEADER = YES;
				CLANG_WARN_RANGE_LOOP_ANALYSIS = YES;
				CLANG_WARN_STRICT_PROTOTYPES = YES;
				CLANG_WARN_SUSPICIOUS_MOVE = YES;
				CLANG_WARN_UNGUARDED_AVAILABILITY = YES_AGGRESSIVE;
				CLANG_WARN_UNREACHABLE_CODE = YES;
				CLANG_WARN__DUPLICATE_METHOD_MATCH = YES;
				COPY_PHASE_STRIP = NO;
				DEBUG_INFORMATION_FORMAT = "dwarf-with-dsym";
				ENABLE_NS_ASSERTIONS = NO;
				ENABLE_STRICT_OBJC_MSGSEND = YES;
				GCC_C_LANGUAGE_STANDARD = gnu11;
				GCC_NO_COMMON_BLOCKS = YES;
				GCC_WARN_64_TO_32_BIT_CONVERSION = YES;
				GCC_WARN_ABOUT_RETURN_TYPE = YES_ERROR;
				GCC_WARN_UNDECLARED_SELECTOR = YES;
				GCC_WARN_UNINITIALIZED_AUTOS = YES_AGGRESSIVE;
				GCC_WARN_UNUSED_FUNCTION = YES;
				GCC_WARN_UNUSED_VARIABLE = YES;
				IPHONEOS_DEPLOYMENT_TARGET = 15.2;
				MTL_ENABLE_DEBUG_INFO = NO;
				MTL_FAST_MATH = YES;
				SDKROOT = iphoneos;
				SWIFT_COMPILATION_MODE = wholemodule;
				SWIFT_OPTIMIZATION_LEVEL = "-O";
				VALIDATE_PRODUCT = YES;
			};
			name = Release;
		};
		7CC212FB27CBED0900DCF978 /* Debug */ = {
			isa = XCBuildConfiguration;
			baseConfigurationReference = 0455187B4ACD4AE603D76671 /* Pods-Garden_App.debug.xcconfig */;
			buildSettings = {
				ASSETCATALOG_COMPILER_APPICON_NAME = AppIcon;
				ASSETCATALOG_COMPILER_GLOBAL_ACCENT_COLOR_NAME = AccentColor;
				CODE_SIGN_STYLE = Automatic;
				CURRENT_PROJECT_VERSION = 1;
				GENERATE_INFOPLIST_FILE = YES;
				INFOPLIST_FILE = Garden_App/Info.plist;
				INFOPLIST_KEY_UIApplicationSupportsIndirectInputEvents = YES;
				INFOPLIST_KEY_UILaunchStoryboardName = LaunchScreen;
				INFOPLIST_KEY_UIMainStoryboardFile = Main;
				INFOPLIST_KEY_UISupportedInterfaceOrientations_iPad = "UIInterfaceOrientationPortrait UIInterfaceOrientationPortraitUpsideDown UIInterfaceOrientationLandscapeLeft UIInterfaceOrientationLandscapeRight";
				INFOPLIST_KEY_UISupportedInterfaceOrientations_iPhone = "UIInterfaceOrientationPortrait UIInterfaceOrientationLandscapeLeft UIInterfaceOrientationLandscapeRight";
				LD_RUNPATH_SEARCH_PATHS = (
					"$(inherited)",
					"@executable_path/Frameworks",
				);
				MARKETING_VERSION = 1.0;
				PRODUCT_BUNDLE_IDENTIFIER = "itis.Garden-App";
				PRODUCT_NAME = "$(TARGET_NAME)";
				SWIFT_EMIT_LOC_STRINGS = YES;
				SWIFT_VERSION = 5.0;
				TARGETED_DEVICE_FAMILY = "1,2";
			};
			name = Debug;
		};
		7CC212FC27CBED0900DCF978 /* Release */ = {
			isa = XCBuildConfiguration;
			baseConfigurationReference = C35C8F24314FD98E301C5967 /* Pods-Garden_App.release.xcconfig */;
			buildSettings = {
				ASSETCATALOG_COMPILER_APPICON_NAME = AppIcon;
				ASSETCATALOG_COMPILER_GLOBAL_ACCENT_COLOR_NAME = AccentColor;
				CODE_SIGN_STYLE = Automatic;
				CURRENT_PROJECT_VERSION = 1;
				GENERATE_INFOPLIST_FILE = YES;
				INFOPLIST_FILE = Garden_App/Info.plist;
				INFOPLIST_KEY_UIApplicationSupportsIndirectInputEvents = YES;
				INFOPLIST_KEY_UILaunchStoryboardName = LaunchScreen;
				INFOPLIST_KEY_UIMainStoryboardFile = Main;
				INFOPLIST_KEY_UISupportedInterfaceOrientations_iPad = "UIInterfaceOrientationPortrait UIInterfaceOrientationPortraitUpsideDown UIInterfaceOrientationLandscapeLeft UIInterfaceOrientationLandscapeRight";
				INFOPLIST_KEY_UISupportedInterfaceOrientations_iPhone = "UIInterfaceOrientationPortrait UIInterfaceOrientationLandscapeLeft UIInterfaceOrientationLandscapeRight";
				LD_RUNPATH_SEARCH_PATHS = (
					"$(inherited)",
					"@executable_path/Frameworks",
				);
				MARKETING_VERSION = 1.0;
				PRODUCT_BUNDLE_IDENTIFIER = "itis.Garden-App";
				PRODUCT_NAME = "$(TARGET_NAME)";
				SWIFT_EMIT_LOC_STRINGS = YES;
				SWIFT_VERSION = 5.0;
				TARGETED_DEVICE_FAMILY = "1,2";
			};
			name = Release;
		};
/* End XCBuildConfiguration section */

/* Begin XCConfigurationList section */
		7CC212DE27CBED0700DCF978 /* Build configuration list for PBXProject "Garden_App" */ = {
			isa = XCConfigurationList;
			buildConfigurations = (
				7CC212F827CBED0900DCF978 /* Debug */,
				7CC212F927CBED0900DCF978 /* Release */,
			);
			defaultConfigurationIsVisible = 0;
			defaultConfigurationName = Release;
		};
		7CC212FA27CBED0900DCF978 /* Build configuration list for PBXNativeTarget "Garden_App" */ = {
			isa = XCConfigurationList;
			buildConfigurations = (
				7CC212FB27CBED0900DCF978 /* Debug */,
				7CC212FC27CBED0900DCF978 /* Release */,
			);
			defaultConfigurationIsVisible = 0;
			defaultConfigurationName = Release;
		};
/* End XCConfigurationList section */

/* Begin XCVersionGroup section */
		7CC212EF27CBED0800DCF978 /* Garden_App.xcdatamodeld */ = {
			isa = XCVersionGroup;
			children = (
				7CC212F027CBED0800DCF978 /* Garden_App.xcdatamodel */,
			);
			currentVersion = 7CC212F027CBED0800DCF978 /* Garden_App.xcdatamodel */;
			path = Garden_App.xcdatamodeld;
			sourceTree = "<group>";
			versionGroupType = wrapper.xcdatamodel;
		};
/* End XCVersionGroup section */
	};
	rootObject = 7CC212DB27CBED0700DCF978 /* Project object */;
}
